
Microsoft Visual Studio Solution File, Format Version 12.00
# Visual Studio Version 16
VisualStudioVersion = 16.0.30804.86
MinimumVisualStudioVersion = 10.0.40219.1
Project("{FAE04EC0-301F-11D3-BF4B-00C04F79EFBC}") = "Ajax", "Ajax\Ajax.csproj", "{36AF0C27-5B5E-4EF5-A410-ADB137B54D09}"
EndProject
Global
	GlobalSection(SolutionConfigurationPlatforms) = preSolution
		Debug|Any CPU = Debug|Any CPU
		Release|Any CPU = Release|Any CPU
	EndGlobalSection
	GlobalSection(ProjectConfigurationPlatforms) = postSolution
		{36AF0C27-5B5E-4EF5-A410-ADB137B54D09}.Debug|Any CPU.ActiveCfg = Debug|Any CPU
		{36AF0C27-5B5E-4EF5-A410-ADB137B54D09}.Debug|Any CPU.Build.0 = Debug|Any CPU
		{36AF0C27-5B5E-4EF5-A410-ADB137B54D09}.Release|Any CPU.ActiveCfg = Release|Any CPU
		{36AF0C27-5B5E-4EF5-A410-ADB137B54D09}.Release|Any CPU.Build.0 = Release|Any CPU
	EndGlobalSection
	GlobalSection(SolutionProperties) = preSolution
		HideSolutionNode = FALSE
	EndGlobalSection
	GlobalSection(ExtensibilityGlobals) = postSolution
		SolutionGuid = {8CA7BD17-9557-4C17-948D-8940D18C0F68}
	EndGlobalSection
EndGlobal
